// !$*UTF8*$!
{
	archiveVersion = 1;
	classes = {
	};
	objectVersion = 46;
	objects = {

/* Begin PBXBuildFile section */
		14C610F51EE6134500C8A813 /* AppDelegate.swift in Sources */ = {isa = PBXBuildFile; fileRef = 14C610F41EE6134500C8A813 /* AppDelegate.swift */; };
		14C610F71EE6134500C8A813 /* ViewController.swift in Sources */ = {isa = PBXBuildFile; fileRef = 14C610F61EE6134500C8A813 /* ViewController.swift */; };
		14C610FA1EE6134500C8A813 /* Main.storyboard in Resources */ = {isa = PBXBuildFile; fileRef = 14C610F81EE6134500C8A813 /* Main.storyboard */; };
		14C610FC1EE6134500C8A813 /* Assets.xcassets in Resources */ = {isa = PBXBuildFile; fileRef = 14C610FB1EE6134500C8A813 /* Assets.xcassets */; };
		14C610FF1EE6134500C8A813 /* LaunchScreen.storyboard in Resources */ = {isa = PBXBuildFile; fileRef = 14C610FD1EE6134500C8A813 /* LaunchScreen.storyboard */; };
		14C611081EE617E600C8A813 /* DataBindingViewController.swift in Sources */ = {isa = PBXBuildFile; fileRef = 14C611071EE617E600C8A813 /* DataBindingViewController.swift */; };
		14C6110A1EE619D500C8A813 /* BindingTableViewController.swift in Sources */ = {isa = PBXBuildFile; fileRef = 14C611091EE619D500C8A813 /* BindingTableViewController.swift */; };
		C60796B16B32A150D29AE7EB /* Pods_Intro_RxSwift_II.framework in Frameworks */ = {isa = PBXBuildFile; fileRef = 93DE8D51FCE22283D2DC483A /* Pods_Intro_RxSwift_II.framework */; };
/* End PBXBuildFile section */

/* Begin PBXFileReference section */
		14C610F11EE6134500C8A813 /* Intro_RxSwift_II.app */ = {isa = PBXFileReference; explicitFileType = wrapper.application; includeInIndex = 0; path = Intro_RxSwift_II.app; sourceTree = BUILT_PRODUCTS_DIR; };
		14C610F41EE6134500C8A813 /* AppDelegate.swift */ = {isa = PBXFileReference; lastKnownFileType = sourcecode.swift; path = AppDelegate.swift; sourceTree = "<group>"; };
		14C610F61EE6134500C8A813 /* ViewController.swift */ = {isa = PBXFileReference; lastKnownFileType = sourcecode.swift; path = ViewController.swift; sourceTree = "<group>"; };
		14C610F91EE6134500C8A813 /* Base */ = {isa = PBXFileReference; lastKnownFileType = file.storyboard; name = Base; path = Base.lproj/Main.storyboard; sourceTree = "<group>"; };
		14C610FB1EE6134500C8A813 /* Assets.xcassets */ = {isa = PBXFileReference; lastKnownFileType = folder.assetcatalog; path = Assets.xcassets; sourceTree = "<group>"; };
		14C610FE1EE6134500C8A813 /* Base */ = {isa = PBXFileReference; lastKnownFileType = file.storyboard; name = Base; path = Base.lproj/LaunchScreen.storyboard; sourceTree = "<group>"; };
		14C611001EE6134500C8A813 /* Info.plist */ = {isa = PBXFileReference; lastKnownFileType = text.plist.xml; path = Info.plist; sourceTree = "<group>"; };
		14C611071EE617E600C8A813 /* DataBindingViewController.swift */ = {isa = PBXFileReference; fileEncoding = 4; lastKnownFileType = sourcecode.swift; path = DataBindingViewController.swift; sourceTree = "<group>"; };
		14C611091EE619D500C8A813 /* BindingTableViewController.swift */ = {isa = PBXFileReference; fileEncoding = 4; lastKnownFileType = sourcecode.swift; path = BindingTableViewController.swift; sourceTree = "<group>"; };
		8572A92567B4760008F37394 /* Pods-Intro_RxSwift_II.release.xcconfig */ = {isa = PBXFileReference; includeInIndex = 1; lastKnownFileType = text.xcconfig; name = "Pods-Intro_RxSwift_II.release.xcconfig"; path = "Pods/Target Support Files/Pods-Intro_RxSwift_II/Pods-Intro_RxSwift_II.release.xcconfig"; sourceTree = "<group>"; };
		93DE8D51FCE22283D2DC483A /* Pods_Intro_RxSwift_II.framework */ = {isa = PBXFileReference; explicitFileType = wrapper.framework; includeInIndex = 0; path = Pods_Intro_RxSwift_II.framework; sourceTree = BUILT_PRODUCTS_DIR; };
		BEA0CA68A33BB13B20FCEB53 /* Pods-Intro_RxSwift_II.debug.xcconfig */ = {isa = PBXFileReference; includeInIndex = 1; lastKnownFileType = text.xcconfig; name = "Pods-Intro_RxSwift_II.debug.xcconfig"; path = "Pods/Target Support Files/Pods-Intro_RxSwift_II/Pods-Intro_RxSwift_II.debug.xcconfig"; sourceTree = "<group>"; };
/* End PBXFileReference section */

/* Begin PBXFrameworksBuildPhase section */
		14C610EE1EE6134500C8A813 /* Frameworks */ = {
			isa = PBXFrameworksBuildPhase;
			buildActionMask = 2147483647;
			files = (
				C60796B16B32A150D29AE7EB /* Pods_Intro_RxSwift_II.framework in Frameworks */,
			);
			runOnlyForDeploymentPostprocessing = 0;
		};
/* End PBXFrameworksBuildPhase section */

/* Begin PBXGroup section */
		14C610E81EE6134500C8A813 = {
			isa = PBXGroup;
			children = (
				14C610F31EE6134500C8A813 /* Intro_RxSwift_II */,
				14C610F21EE6134500C8A813 /* Products */,
				252264C5F8223B46C1DF26C3 /* Pods */,
				773E374F3FAA6C7E2E67843D /* Frameworks */,
			);
			sourceTree = "<group>";
		};
		14C610F21EE6134500C8A813 /* Products */ = {
			isa = PBXGroup;
			children = (
				14C610F11EE6134500C8A813 /* Intro_RxSwift_II.app */,
			);
			name = Products;
			sourceTree = "<group>";
		};
		14C610F31EE6134500C8A813 /* Intro_RxSwift_II */ = {
			isa = PBXGroup;
			children = (
				14C610F61EE6134500C8A813 /* ViewController.swift */,
				14C611071EE617E600C8A813 /* DataBindingViewController.swift */,
				14C611091EE619D500C8A813 /* BindingTableViewController.swift */,
				14C611061EE614A800C8A813 /* Supporting Files */,
			);
			path = Intro_RxSwift_II;
			sourceTree = "<group>";
		};
		14C611061EE614A800C8A813 /* Supporting Files */ = {
			isa = PBXGroup;
			children = (
				14C610F41EE6134500C8A813 /* AppDelegate.swift */,
				14C610F81EE6134500C8A813 /* Main.storyboard */,
				14C610FB1EE6134500C8A813 /* Assets.xcassets */,
				14C610FD1EE6134500C8A813 /* LaunchScreen.storyboard */,
				14C611001EE6134500C8A813 /* Info.plist */,
			);
			name = "Supporting Files";
			sourceTree = "<group>";
		};
		252264C5F8223B46C1DF26C3 /* Pods */ = {
			isa = PBXGroup;
			children = (
				BEA0CA68A33BB13B20FCEB53 /* Pods-Intro_RxSwift_II.debug.xcconfig */,
				8572A92567B4760008F37394 /* Pods-Intro_RxSwift_II.release.xcconfig */,
			);
			name = Pods;
			sourceTree = "<group>";
		};
		773E374F3FAA6C7E2E67843D /* Frameworks */ = {
			isa = PBXGroup;
			children = (
				93DE8D51FCE22283D2DC483A /* Pods_Intro_RxSwift_II.framework */,
			);
			name = Frameworks;
			sourceTree = "<group>";
		};
/* End PBXGroup section */

/* Begin PBXNativeTarget section */
		14C610F01EE6134500C8A813 /* Intro_RxSwift_II */ = {
			isa = PBXNativeTarget;
			buildConfigurationList = 14C611031EE6134500C8A813 /* Build configuration list for PBXNativeTarget "Intro_RxSwift_II" */;
			buildPhases = (
				6906C78992C01025C6834C0E /* [CP] Check Pods Manifest.lock */,
				14C610ED1EE6134500C8A813 /* Sources */,
				14C610EE1EE6134500C8A813 /* Frameworks */,
				14C610EF1EE6134500C8A813 /* Resources */,
				F7DAEF35352791207765F451 /* [CP] Embed Pods Frameworks */,
				8B003ED159B707EBCEA55B92 /* [CP] Copy Pods Resources */,
			);
			buildRules = (
			);
			dependencies = (
			);
			name = Intro_RxSwift_II;
			productName = Intro_RxSwift_II;
			productReference = 14C610F11EE6134500C8A813 /* Intro_RxSwift_II.app */;
			productType = "com.apple.product-type.application";
		};
/* End PBXNativeTarget section */

/* Begin PBXProject section */
		14C610E91EE6134500C8A813 /* Project object */ = {
			isa = PBXProject;
			attributes = {
				LastSwiftUpdateCheck = 0830;
				LastUpgradeCheck = 0830;
				ORGANIZATIONNAME = "Access Code";
				TargetAttributes = {
					14C610F01EE6134500C8A813 = {
						CreatedOnToolsVersion = 8.3.2;
						DevelopmentTeam = 3457AE227Q;
						ProvisioningStyle = Automatic;
					};
				};
			};
			buildConfigurationList = 14C610EC1EE6134500C8A813 /* Build configuration list for PBXProject "Intro_RxSwift_II" */;
			compatibilityVersion = "Xcode 3.2";
			developmentRegion = English;
			hasScannedForEncodings = 0;
			knownRegions = (
				en,
				Base,
			);
			mainGroup = 14C610E81EE6134500C8A813;
			productRefGroup = 14C610F21EE6134500C8A813 /* Products */;
			projectDirPath = "";
			projectRoot = "";
			targets = (
				14C610F01EE6134500C8A813 /* Intro_RxSwift_II */,
			);
		};
/* End PBXProject section */

/* Begin PBXResourcesBuildPhase section */
		14C610EF1EE6134500C8A813 /* Resources */ = {
			isa = PBXResourcesBuildPhase;
			buildActionMask = 2147483647;
			files = (
				14C610FF1EE6134500C8A813 /* LaunchScreen.storyboard in Resources */,
				14C610FC1EE6134500C8A813 /* Assets.xcassets in Resources */,
				14C610FA1EE6134500C8A813 /* Main.storyboard in Resources */,
			);
			runOnlyForDeploymentPostprocessing = 0;
		};
/* End PBXResourcesBuildPhase section */

/* Begin PBXShellScriptBuildPhase section */
		6906C78992C01025C6834C0E /* [CP] Check Pods Manifest.lock */ = {
			isa = PBXShellScriptBuildPhase;
			buildActionMask = 2147483647;
			files = (
			);
			inputPaths = (
			);
			name = "[CP] Check Pods Manifest.lock";
			outputPaths = (
			);
			runOnlyForDeploymentPostprocessing = 0;
			shellPath = /bin/sh;
			shellScript = "diff \"${PODS_ROOT}/../Podfile.lock\" \"${PODS_ROOT}/Manifest.lock\" > /dev/null\nif [ $? != 0 ] ; then\n    # print error to STDERR\n    echo \"error: The sandbox is not in sync with the Podfile.lock. Run 'pod install' or update your CocoaPods installation.\" >&2\n    exit 1\nfi\n";
			showEnvVarsInLog = 0;
		};
		8B003ED159B707EBCEA55B92 /* [CP] Copy Pods Resources */ = {
			isa = PBXShellScriptBuildPhase;
			buildActionMask = 2147483647;
			files = (
			);
			inputPaths = (
			);
			name = "[CP] Copy Pods Resources";
			outputPaths = (
			);
			runOnlyForDeploymentPostprocessing = 0;
			shellPath = /bin/sh;
			shellScript = "\"${SRCROOT}/Pods/Target Support Files/Pods-Intro_RxSwift_II/Pods-Intro_RxSwift_II-resources.sh\"\n";
			showEnvVarsInLog = 0;
		};
		F7DAEF35352791207765F451 /* [CP] Embed Pods Frameworks */ = {
			isa = PBXShellScriptBuildPhase;
			buildActionMask = 2147483647;
			files = (
			);
			inputPaths = (
			);
			name = "[CP] Embed Pods Frameworks";
			outputPaths = (
			);
			runOnlyForDeploymentPostprocessing = 0;
			shellPath = /bin/sh;
			shellScript = "\"${SRCROOT}/Pods/Target Support Files/Pods-Intro_RxSwift_II/Pods-Intro_RxSwift_II-frameworks.sh\"\n";
			showEnvVarsInLog = 0;
		};
/* End PBXShellScriptBuildPhase section */

/* Begin PBXSourcesBuildPhase section */
		14C610ED1EE6134500C8A813 /* Sources */ = {
			isa = PBXSourcesBuildPhase;
			buildActionMask = 2147483647;
			files = (
				14C610F71EE6134500C8A813 /* ViewController.swift in Sources */,
				14C610F51EE6134500C8A813 /* AppDelegate.swift in Sources */,
				14C6110A1EE619D500C8A813 /* BindingTableViewController.swift in Sources */,
				14C611081EE617E600C8A813 /* DataBindingViewController.swift in Sources */,
			);
			runOnlyForDeploymentPostprocessing = 0;
		};
/* End PBXSourcesBuildPhase section */

/* Begin PBXVariantGroup section */
		14C610F81EE6134500C8A813 /* Main.storyboard */ = {
			isa = PBXVariantGroup;
			children = (
				14C610F91EE6134500C8A813 /* Base */,
			);
			name = Main.storyboard;
			sourceTree = "<group>";
		};
		14C610FD1EE6134500C8A813 /* LaunchScreen.storyboard */ = {
			isa = PBXVariantGroup;
			children = (
				14C610FE1EE6134500C8A813 /* Base */,
			);
			name = LaunchScreen.storyboard;
			sourceTree = "<group>";
		};
/* End PBXVariantGroup section */

/* Begin XCBuildConfiguration section */
		14C611011EE6134500C8A813 /* Debug */ = {
			isa = XCBuildConfiguration;
			buildSettings = {
				ALWAYS_SEARCH_USER_PATHS = NO;
				CLANG_ANALYZER_NONNULL = YES;
				CLANG_ANALYZER_NUMBER_OBJECT_CONVERSION = YES_AGGRESSIVE;
				CLANG_CXX_LANGUAGE_STANDARD = "gnu++0x";
				CLANG_CXX_LIBRARY = "libc++";
				CLANG_ENABLE_MODULES = YES;
				CLANG_ENABLE_OBJC_ARC = YES;
				CLANG_WARN_BOOL_CONVERSION = YES;
				CLANG_WARN_CONSTANT_CONVERSION = YES;
				CLANG_WARN_DIRECT_OBJC_ISA_USAGE = YES_ERROR;
				CLANG_WARN_DOCUMENTATION_COMMENTS = YES;
				CLANG_WARN_EMPTY_BODY = YES;
				CLANG_WARN_ENUM_CONVERSION = YES;
				CLANG_WARN_INFINITE_RECURSION = YES;
				CLANG_WARN_INT_CONVERSION = YES;
				CLANG_WARN_OBJC_ROOT_CLASS = YES_ERROR;
				CLANG_WARN_SUSPICIOUS_MOVE = YES;
				CLANG_WARN_UNREACHABLE_CODE = YES;
				CLANG_WARN__DUPLICATE_METHOD_MATCH = YES;
				"CODE_SIGN_IDENTITY[sdk=iphoneos*]" = "iPhone Developer";
				COPY_PHASE_STRIP = NO;
				DEBUG_INFORMATION_FORMAT = dwarf;
				ENABLE_STRICT_OBJC_MSGSEND = YES;
				ENABLE_TESTABILITY = YES;
				GCC_C_LANGUAGE_STANDARD = gnu99;
				GCC_DYNAMIC_NO_PIC = NO;
				GCC_NO_COMMON_BLOCKS = YES;
				GCC_OPTIMIZATION_LEVEL = 0;
				GCC_PREPROCESSOR_DEFINITIONS = (
					"DEBUG=1",
					"$(inherited)",
				);
				GCC_WARN_64_TO_32_BIT_CONVERSION = YES;
				GCC_WARN_ABOUT_RETURN_TYPE = YES_ERROR;
				GCC_WARN_UNDECLARED_SELECTOR = YES;
				GCC_WARN_UNINITIALIZED_AUTOS = YES_AGGRESSIVE;
				GCC_WARN_UNUSED_FUNCTION = YES;
				GCC_WARN_UNUSED_VARIABLE = YES;
				IPHONEOS_DEPLOYMENT_TARGET = 10.3;
				MTL_ENABLE_DEBUG_INFO = YES;
				ONLY_ACTIVE_ARCH = YES;
				SDKROOT = iphoneos;
				SWIFT_ACTIVE_COMPILATION_CONDITIONS = DEBUG;
				SWIFT_OPTIMIZATION_LEVEL = "-Onone";
			};
			name = Debug;
		};
		14C611021EE6134500C8A813 /* Release */ = {
			isa = XCBuildConfiguration;
			buildSettings = {
				ALWAYS_SEARCH_USER_PATHS = NO;
				CLANG_ANALYZER_NONNULL = YES;
				CLANG_ANALYZER_NUMBER_OBJECT_CONVERSION = YES_AGGRESSIVE;
				CLANG_CXX_LANGUAGE_STANDARD = "gnu++0x";
				CLANG_CXX_LIBRARY = "libc++";
				CLANG_ENABLE_MODULES = YES;
				CLANG_ENABLE_OBJC_ARC = YES;
				CLANG_WARN_BOOL_CONVERSION = YES;
				CLANG_WARN_CONSTANT_CONVERSION = YES;
				CLANG_WARN_DIRECT_OBJC_ISA_USAGE = YES_ERROR;
				CLANG_WARN_DOCUMENTATION_COMMENTS = YES;
				CLANG_WARN_EMPTY_BODY = YES;
				CLANG_WARN_ENUM_CONVERSION = YES;
				CLANG_WARN_INFINITE_RECURSION = YES;
				CLANG_WARN_INT_CONVERSION = YES;
				CLANG_WARN_OBJC_ROOT_CLASS = YES_ERROR;
				CLANG_WARN_SUSPICIOUS_MOVE = YES;
				CLANG_WARN_UNREACHABLE_CODE = YES;
				CLANG_WARN__DUPLICATE_METHOD_MATCH = YES;
				"CODE_SIGN_IDENTITY[sdk=iphoneos*]" = "iPhone Developer";
				COPY_PHASE_STRIP = NO;
				DEBUG_INFORMATION_FORMAT = "dwarf-with-dsym";
				ENABLE_NS_ASSERTIONS = NO;
				ENABLE_STRICT_OBJC_MSGSEND = YES;
				GCC_C_LANGUAGE_STANDARD = gnu99;
				GCC_NO_COMMON_BLOCKS = YES;
				GCC_WARN_64_TO_32_BIT_CONVERSION = YES;
				GCC_WARN_ABOUT_RETURN_TYPE = YES_ERROR;
				GCC_WARN_UNDECLARED_SELECTOR = YES;
				GCC_WARN_UNINITIALIZED_AUTOS = YES_AGGRESSIVE;
				GCC_WARN_UNUSED_FUNCTION = YES;
				GCC_WARN_UNUSED_VARIABLE = YES;
				IPHONEOS_DEPLOYMENT_TARGET = 10.3;
				MTL_ENABLE_DEBUG_INFO = NO;
				SDKROOT = iphoneos;
				SWIFT_OPTIMIZATION_LEVEL = "-Owholemodule";
				VALIDATE_PRODUCT = YES;
			};
			name = Release;
		};
		14C611041EE6134500C8A813 /* Debug */ = {
			isa = XCBuildConfiguration;
			baseConfigurationReference = BEA0CA68A33BB13B20FCEB53 /* Pods-Intro_RxSwift_II.debug.xcconfig */;
			buildSettings = {
				ASSETCATALOG_COMPILER_APPICON_NAME = AppIcon;
				DEVELOPMENT_TEAM = 3457AE227Q;
				INFOPLIST_FILE = Intro_RxSwift_II/Info.plist;
				LD_RUNPATH_SEARCH_PATHS = "$(inherited) @executable_path/Frameworks";
				PRODUCT_BUNDLE_IDENTIFIER = "nyc.accessCode.Intro-RxSwift-II";
				PRODUCT_NAME = "$(TARGET_NAME)";
				SWIFT_VERSION = 3.0;
			};
			name = Debug;
		};
		14C611051EE6134500C8A813 /* Release */ = {
			isa = XCBuildConfiguration;
			baseConfigurationReference = 8572A92567B4760008F37394 /* Pods-Intro_RxSwift_II.release.xcconfig */;
			buildSettings = {
				ASSETCATALOG_COMPILER_APPICON_NAME = AppIcon;
				DEVELOPMENT_TEAM = 3457AE227Q;
				INFOPLIST_FILE = Intro_RxSwift_II/Info.plist;
				LD_RUNPATH_SEARCH_PATHS = "$(inherited) @executable_path/Frameworks";
				PRODUCT_BUNDLE_IDENTIFIER = "nyc.accessCode.Intro-RxSwift-II";
				PRODUCT_NAME = "$(TARGET_NAME)";
				SWIFT_VERSION = 3.0;
			};
			name = Release;
		};
/* End XCBuildConfiguration section */

/* Begin XCConfigurationList section */
		14C610EC1EE6134500C8A813 /* Build configuration list for PBXProject "Intro_RxSwift_II" */ = {
			isa = XCConfigurationList;
			buildConfigurations = (
				14C611011EE6134500C8A813 /* Debug */,
				14C611021EE6134500C8A813 /* Release */,
			);
			defaultConfigurationIsVisible = 0;
			defaultConfigurationName = Release;
		};
		14C611031EE6134500C8A813 /* Build configuration list for PBXNativeTarget "Intro_RxSwift_II" */ = {
			isa = XCConfigurationList;
			buildConfigurations = (
				14C611041EE6134500C8A813 /* Debug */,
				14C611051EE6134500C8A813 /* Release */,
			);
			defaultConfigurationIsVisible = 0;
			defaultConfigurationName = Release;
		};
/* End XCConfigurationList section */
	};
	rootObject = 14C610E91EE6134500C8A813 /* Project object */;
}
